// !$*UTF8*$!
{
	archiveVersion = 1;
	classes = {
	};
	objectVersion = 52;
	objects = {

/* Begin PBXBuildFile section */
		D3836EEE243140690057DC69 /* DateCheckerView.swift in Sources */ = {isa = PBXBuildFile; fileRef = D3836EED243140690057DC69 /* DateCheckerView.swift */; };
		D3836EF0243147470057DC69 /* Extensions.swift in Sources */ = {isa = PBXBuildFile; fileRef = D3836EEF243147470057DC69 /* Extensions.swift */; };
		D3A8D97A2430A0E4008103ED /* SwiftyHolidays in Frameworks */ = {isa = PBXBuildFile; productRef = D3A8D9792430A0E4008103ED /* SwiftyHolidays */; };
		D3B38CF424309EA8003EE6E7 /* AppDelegate.swift in Sources */ = {isa = PBXBuildFile; fileRef = D3B38CF324309EA8003EE6E7 /* AppDelegate.swift */; };
		D3B38CF624309EA8003EE6E7 /* SceneDelegate.swift in Sources */ = {isa = PBXBuildFile; fileRef = D3B38CF524309EA8003EE6E7 /* SceneDelegate.swift */; };
		D3B38CF824309EA8003EE6E7 /* CountriesView.swift in Sources */ = {isa = PBXBuildFile; fileRef = D3B38CF724309EA8003EE6E7 /* CountriesView.swift */; };
		D3B38CFA24309EA9003EE6E7 /* Assets.xcassets in Resources */ = {isa = PBXBuildFile; fileRef = D3B38CF924309EA9003EE6E7 /* Assets.xcassets */; };
		D3B38D0024309EA9003EE6E7 /* LaunchScreen.storyboard in Resources */ = {isa = PBXBuildFile; fileRef = D3B38CFE24309EA9003EE6E7 /* LaunchScreen.storyboard */; };
		D3B38D0824309FC0003EE6E7 /* CountryView.swift in Sources */ = {isa = PBXBuildFile; fileRef = D3B38D0724309FC0003EE6E7 /* CountryView.swift */; };
/* End PBXBuildFile section */

/* Begin PBXFileReference section */
		D3836EED243140690057DC69 /* DateCheckerView.swift */ = {isa = PBXFileReference; lastKnownFileType = sourcecode.swift; path = DateCheckerView.swift; sourceTree = "<group>"; };
		D3836EEF243147470057DC69 /* Extensions.swift */ = {isa = PBXFileReference; lastKnownFileType = sourcecode.swift; path = Extensions.swift; sourceTree = "<group>"; };
		D3B38CF024309EA8003EE6E7 /* SwiftyHolidays Example.app */ = {isa = PBXFileReference; explicitFileType = wrapper.application; includeInIndex = 0; path = "SwiftyHolidays Example.app"; sourceTree = BUILT_PRODUCTS_DIR; };
		D3B38CF324309EA8003EE6E7 /* AppDelegate.swift */ = {isa = PBXFileReference; lastKnownFileType = sourcecode.swift; path = AppDelegate.swift; sourceTree = "<group>"; };
		D3B38CF524309EA8003EE6E7 /* SceneDelegate.swift */ = {isa = PBXFileReference; lastKnownFileType = sourcecode.swift; path = SceneDelegate.swift; sourceTree = "<group>"; };
		D3B38CF724309EA8003EE6E7 /* CountriesView.swift */ = {isa = PBXFileReference; lastKnownFileType = sourcecode.swift; path = CountriesView.swift; sourceTree = "<group>"; };
		D3B38CF924309EA9003EE6E7 /* Assets.xcassets */ = {isa = PBXFileReference; lastKnownFileType = folder.assetcatalog; path = Assets.xcassets; sourceTree = "<group>"; };
		D3B38CFF24309EA9003EE6E7 /* Base */ = {isa = PBXFileReference; lastKnownFileType = file.storyboard; name = Base; path = Base.lproj/LaunchScreen.storyboard; sourceTree = "<group>"; };
		D3B38D0124309EA9003EE6E7 /* Info.plist */ = {isa = PBXFileReference; lastKnownFileType = text.plist.xml; path = Info.plist; sourceTree = "<group>"; };
		D3B38D0724309FC0003EE6E7 /* CountryView.swift */ = {isa = PBXFileReference; lastKnownFileType = sourcecode.swift; path = CountryView.swift; sourceTree = "<group>"; };
/* End PBXFileReference section */

/* Begin PBXFrameworksBuildPhase section */
		D3B38CED24309EA8003EE6E7 /* Frameworks */ = {
			isa = PBXFrameworksBuildPhase;
			buildActionMask = 2147483647;
			files = (
				D3A8D97A2430A0E4008103ED /* SwiftyHolidays in Frameworks */,
			);
			runOnlyForDeploymentPostprocessing = 0;
		};
/* End PBXFrameworksBuildPhase section */

/* Begin PBXGroup section */
		D3B38CE724309EA8003EE6E7 = {
			isa = PBXGroup;
			children = (
				D3B38CF224309EA8003EE6E7 /* SwiftyHolidays Example */,
				D3B38CF124309EA8003EE6E7 /* Products */,
			);
			sourceTree = "<group>";
		};
		D3B38CF124309EA8003EE6E7 /* Products */ = {
			isa = PBXGroup;
			children = (
				D3B38CF024309EA8003EE6E7 /* SwiftyHolidays Example.app */,
			);
			name = Products;
			sourceTree = "<group>";
		};
		D3B38CF224309EA8003EE6E7 /* SwiftyHolidays Example */ = {
			isa = PBXGroup;
			children = (
				D3B38CF324309EA8003EE6E7 /* AppDelegate.swift */,
				D3B38CF524309EA8003EE6E7 /* SceneDelegate.swift */,
				D3B38CF724309EA8003EE6E7 /* CountriesView.swift */,
				D3836EED243140690057DC69 /* DateCheckerView.swift */,
				D3B38D0724309FC0003EE6E7 /* CountryView.swift */,
				D3836EEF243147470057DC69 /* Extensions.swift */,
				D3B38CF924309EA9003EE6E7 /* Assets.xcassets */,
				D3B38CFE24309EA9003EE6E7 /* LaunchScreen.storyboard */,
				D3B38D0124309EA9003EE6E7 /* Info.plist */,
			);
			path = "SwiftyHolidays Example";
			sourceTree = "<group>";
		};
/* End PBXGroup section */

/* Begin PBXNativeTarget section */
		D3B38CEF24309EA8003EE6E7 /* SwiftyHolidays Example */ = {
			isa = PBXNativeTarget;
			buildConfigurationList = D3B38D0424309EA9003EE6E7 /* Build configuration list for PBXNativeTarget "SwiftyHolidays Example" */;
			buildPhases = (
				D3B38CEC24309EA8003EE6E7 /* Sources */,
				D3B38CED24309EA8003EE6E7 /* Frameworks */,
				D3B38CEE24309EA8003EE6E7 /* Resources */,
			);
			buildRules = (
			);
			dependencies = (
			);
			name = "SwiftyHolidays Example";
			packageProductDependencies = (
				D3A8D9792430A0E4008103ED /* SwiftyHolidays */,
			);
			productName = "SwiftyHolidays Example";
			productReference = D3B38CF024309EA8003EE6E7 /* SwiftyHolidays Example.app */;
			productType = "com.apple.product-type.application";
		};
/* End PBXNativeTarget section */

/* Begin PBXProject section */
		D3B38CE824309EA8003EE6E7 /* Project object */ = {
			isa = PBXProject;
			attributes = {
				LastSwiftUpdateCheck = 1140;
				LastUpgradeCheck = 1140;
				ORGANIZATIONNAME = "Max Haertwig";
				TargetAttributes = {
					D3B38CEF24309EA8003EE6E7 = {
						CreatedOnToolsVersion = 11.4;
					};
				};
			};
			buildConfigurationList = D3B38CEB24309EA8003EE6E7 /* Build configuration list for PBXProject "SwiftyHolidays Example" */;
			compatibilityVersion = "Xcode 9.3";
			developmentRegion = en;
			hasScannedForEncodings = 0;
			knownRegions = (
				en,
				Base,
			);
			mainGroup = D3B38CE724309EA8003EE6E7;
			packageReferences = (
				D3A8D9782430A0E4008103ED /* XCRemoteSwiftPackageReference "SwiftyHolidays" */,
			);
			productRefGroup = D3B38CF124309EA8003EE6E7 /* Products */;
			projectDirPath = "";
			projectRoot = "";
			targets = (
				D3B38CEF24309EA8003EE6E7 /* SwiftyHolidays Example */,
			);
		};
/* End PBXProject section */

/* Begin PBXResourcesBuildPhase section */
		D3B38CEE24309EA8003EE6E7 /* Resources */ = {
			isa = PBXResourcesBuildPhase;
			buildActionMask = 2147483647;
			files = (
				D3B38D0024309EA9003EE6E7 /* LaunchScreen.storyboard in Resources */,
				D3B38CFA24309EA9003EE6E7 /* Assets.xcassets in Resources */,
			);
			runOnlyForDeploymentPostprocessing = 0;
		};
/* End PBXResourcesBuildPhase section */

/* Begin PBXSourcesBuildPhase section */
		D3B38CEC24309EA8003EE6E7 /* Sources */ = {
			isa = PBXSourcesBuildPhase;
			buildActionMask = 2147483647;
			files = (
				D3836EF0243147470057DC69 /* Extensions.swift in Sources */,
				D3B38CF424309EA8003EE6E7 /* AppDelegate.swift in Sources */,
				D3836EEE243140690057DC69 /* DateCheckerView.swift in Sources */,
				D3B38CF624309EA8003EE6E7 /* SceneDelegate.swift in Sources */,
				D3B38CF824309EA8003EE6E7 /* CountriesView.swift in Sources */,
				D3B38D0824309FC0003EE6E7 /* CountryView.swift in Sources */,
			);
			runOnlyForDeploymentPostprocessing = 0;
		};
/* End PBXSourcesBuildPhase section */

/* Begin PBXVariantGroup section */
		D3B38CFE24309EA9003EE6E7 /* LaunchScreen.storyboard */ = {
			isa = PBXVariantGroup;
			children = (
				D3B38CFF24309EA9003EE6E7 /* Base */,
			);
			name = LaunchScreen.storyboard;
			sourceTree = "<group>";
		};
/* End PBXVariantGroup section */

/* Begin XCBuildConfiguration section */
		D3B38D0224309EA9003EE6E7 /* Debug */ = {
			isa = XCBuildConfiguration;
			buildSettings = {
				ALWAYS_SEARCH_USER_PATHS = NO;
				CLANG_ANALYZER_NONNULL = YES;
				CLANG_ANALYZER_NUMBER_OBJECT_CONVERSION = YES_AGGRESSIVE;
				CLANG_CXX_LANGUAGE_STANDARD = "gnu++14";
				CLANG_CXX_LIBRARY = "libc++";
				CLANG_ENABLE_MODULES = YES;
				CLANG_ENABLE_OBJC_ARC = YES;
				CLANG_ENABLE_OBJC_WEAK = YES;
				CLANG_WARN_BLOCK_CAPTURE_AUTORELEASING = YES;
				CLANG_WARN_BOOL_CONVERSION = YES;
				CLANG_WARN_COMMA = YES;
				CLANG_WARN_CONSTANT_CONVERSION = YES;
				CLANG_WARN_DEPRECATED_OBJC_IMPLEMENTATIONS = YES;
				CLANG_WARN_DIRECT_OBJC_ISA_USAGE = YES_ERROR;
				CLANG_WARN_DOCUMENTATION_COMMENTS = YES;
				CLANG_WARN_EMPTY_BODY = YES;
				CLANG_WARN_ENUM_CONVERSION = YES;
				CLANG_WARN_INFINITE_RECURSION = YES;
				CLANG_WARN_INT_CONVERSION = YES;
				CLANG_WARN_NON_LITERAL_NULL_CONVERSION = YES;
				CLANG_WARN_OBJC_IMPLICIT_RETAIN_SELF = YES;
				CLANG_WARN_OBJC_LITERAL_CONVERSION = YES;
				CLANG_WARN_OBJC_ROOT_CLASS = YES_ERROR;
				CLANG_WARN_RANGE_LOOP_ANALYSIS = YES;
				CLANG_WARN_STRICT_PROTOTYPES = YES;
				CLANG_WARN_SUSPICIOUS_MOVE = YES;
				CLANG_WARN_UNGUARDED_AVAILABILITY = YES_AGGRESSIVE;
				CLANG_WARN_UNREACHABLE_CODE = YES;
				CLANG_WARN__DUPLICATE_METHOD_MATCH = YES;
				COPY_PHASE_STRIP = NO;
				DEBUG_INFORMATION_FORMAT = dwarf;
				ENABLE_STRICT_OBJC_MSGSEND = YES;
				ENABLE_TESTABILITY = YES;
				GCC_C_LANGUAGE_STANDARD = gnu11;
				GCC_DYNAMIC_NO_PIC = NO;
				GCC_NO_COMMON_BLOCKS = YES;
				GCC_OPTIMIZATION_LEVEL = 0;
				GCC_PREPROCESSOR_DEFINITIONS = (
					"DEBUG=1",
					"$(inherited)",
				);
				GCC_WARN_64_TO_32_BIT_CONVERSION = YES;
				GCC_WARN_ABOUT_RETURN_TYPE = YES_ERROR;
				GCC_WARN_UNDECLARED_SELECTOR = YES;
				GCC_WARN_UNINITIALIZED_AUTOS = YES_AGGRESSIVE;
				GCC_WARN_UNUSED_FUNCTION = YES;
				GCC_WARN_UNUSED_VARIABLE = YES;
				IPHONEOS_DEPLOYMENT_TARGET = 13.4;
				MTL_ENABLE_DEBUG_INFO = INCLUDE_SOURCE;
				MTL_FAST_MATH = YES;
				ONLY_ACTIVE_ARCH = YES;
				SDKROOT = iphoneos;
				SWIFT_ACTIVE_COMPILATION_CONDITIONS = DEBUG;
				SWIFT_OPTIMIZATION_LEVEL = "-Onone";
			};
			name = Debug;
		};
		D3B38D0324309EA9003EE6E7 /* Release */ = {
			isa = XCBuildConfiguration;
			buildSettings = {
				ALWAYS_SEARCH_USER_PATHS = NO;
				CLANG_ANALYZER_NONNULL = YES;
				CLANG_ANALYZER_NUMBER_OBJECT_CONVERSION = YES_AGGRESSIVE;
				CLANG_CXX_LANGUAGE_STANDARD = "gnu++14";
				CLANG_CXX_LIBRARY = "libc++";
				CLANG_ENABLE_MODULES = YES;
				CLANG_ENABLE_OBJC_ARC = YES;
				CLANG_ENABLE_OBJC_WEAK = YES;
				CLANG_WARN_BLOCK_CAPTURE_AUTORELEASING = YES;
				CLANG_WARN_BOOL_CONVERSION = YES;
				CLANG_WARN_COMMA = YES;
				CLANG_WARN_CONSTANT_CONVERSION = YES;
				CLANG_WARN_DEPRECATED_OBJC_IMPLEMENTATIONS = YES;
				CLANG_WARN_DIRECT_OBJC_ISA_USAGE = YES_ERROR;
				CLANG_WARN_DOCUMENTATION_COMMENTS = YES;
				CLANG_WARN_EMPTY_BODY = YES;
				CLANG_WARN_ENUM_CONVERSION = YES;
				CLANG_WARN_INFINITE_RECURSION = YES;
				CLANG_WARN_INT_CONVERSION = YES;
				CLANG_WARN_NON_LITERAL_NULL_CONVERSION = YES;
				CLANG_WARN_OBJC_IMPLICIT_RETAIN_SELF = YES;
				CLANG_WARN_OBJC_LITERAL_CONVERSION = YES;
				CLANG_WARN_OBJC_ROOT_CLASS = YES_ERROR;
				CLANG_WARN_RANGE_LOOP_ANALYSIS = YES;
				CLANG_WARN_STRICT_PROTOTYPES = YES;
				CLANG_WARN_SUSPICIOUS_MOVE = YES;
				CLANG_WARN_UNGUARDED_AVAILABILITY = YES_AGGRESSIVE;
				CLANG_WARN_UNREACHABLE_CODE = YES;
				CLANG_WARN__DUPLICATE_METHOD_MATCH = YES;
				COPY_PHASE_STRIP = NO;
				DEBUG_INFORMATION_FORMAT = "dwarf-with-dsym";
				ENABLE_NS_ASSERTIONS = NO;
				ENABLE_STRICT_OBJC_MSGSEND = YES;
				GCC_C_LANGUAGE_STANDARD = gnu11;
				GCC_NO_COMMON_BLOCKS = YES;
				GCC_WARN_64_TO_32_BIT_CONVERSION = YES;
				GCC_WARN_ABOUT_RETURN_TYPE = YES_ERROR;
				GCC_WARN_UNDECLARED_SELECTOR = YES;
				GCC_WARN_UNINITIALIZED_AUTOS = YES_AGGRESSIVE;
				GCC_WARN_UNUSED_FUNCTION = YES;
				GCC_WARN_UNUSED_VARIABLE = YES;
				IPHONEOS_DEPLOYMENT_TARGET = 13.4;
				MTL_ENABLE_DEBUG_INFO = NO;
				MTL_FAST_MATH = YES;
				SDKROOT = iphoneos;
				SWIFT_COMPILATION_MODE = wholemodule;
				SWIFT_OPTIMIZATION_LEVEL = "-O";
				VALIDATE_PRODUCT = YES;
			};
			name = Release;
		};
		D3B38D0524309EA9003EE6E7 /* Debug */ = {
			isa = XCBuildConfiguration;
			buildSettings = {
				ASSETCATALOG_COMPILER_APPICON_NAME = AppIcon;
				CODE_SIGN_STYLE = Automatic;
				ENABLE_PREVIEWS = YES;
				INFOPLIST_FILE = "SwiftyHolidays Example/Info.plist";
				LD_RUNPATH_SEARCH_PATHS = (
					"$(inherited)",
					"@executable_path/Frameworks",
				);
				PRODUCT_BUNDLE_IDENTIFIER = "com.maxhaertwig.SwiftyHolidays-Example";
				PRODUCT_NAME = "$(TARGET_NAME)";
				SWIFT_VERSION = 5.0;
				TARGETED_DEVICE_FAMILY = "1,2";
			};
			name = Debug;
		};
		D3B38D0624309EA9003EE6E7 /* Release */ = {
			isa = XCBuildConfiguration;
			buildSettings = {
				ASSETCATALOG_COMPILER_APPICON_NAME = AppIcon;
				CODE_SIGN_STYLE = Automatic;
				ENABLE_PREVIEWS = YES;
				INFOPLIST_FILE = "SwiftyHolidays Example/Info.plist";
				LD_RUNPATH_SEARCH_PATHS = (
					"$(inherited)",
					"@executable_path/Frameworks",
				);
				PRODUCT_BUNDLE_IDENTIFIER = "com.maxhaertwig.SwiftyHolidays-Example";
				PRODUCT_NAME = "$(TARGET_NAME)";
				SWIFT_VERSION = 5.0;
				TARGETED_DEVICE_FAMILY = "1,2";
			};
			name = Release;
		};
/* End XCBuildConfiguration section */

/* Begin XCConfigurationList section */
		D3B38CEB24309EA8003EE6E7 /* Build configuration list for PBXProject "SwiftyHolidays Example" */ = {
			isa = XCConfigurationList;
			buildConfigurations = (
				D3B38D0224309EA9003EE6E7 /* Debug */,
				D3B38D0324309EA9003EE6E7 /* Release */,
			);
			defaultConfigurationIsVisible = 0;
			defaultConfigurationName = Release;
		};
		D3B38D0424309EA9003EE6E7 /* Build configuration list for PBXNativeTarget "SwiftyHolidays Example" */ = {
			isa = XCConfigurationList;
			buildConfigurations = (
				D3B38D0524309EA9003EE6E7 /* Debug */,
				D3B38D0624309EA9003EE6E7 /* Release */,
			);
			defaultConfigurationIsVisible = 0;
			defaultConfigurationName = Release;
		};
/* End XCConfigurationList section */

/* Begin XCRemoteSwiftPackageReference section */
		D3A8D9782430A0E4008103ED /* XCRemoteSwiftPackageReference "SwiftyHolidays" */ = {
			isa = XCRemoteSwiftPackageReference;
			repositoryURL = "https://github.com/MaxHaertwig/SwiftyHolidays.git";
			requirement = {
				kind = upToNextMajorVersion;
				minimumVersion = 1.0.0;
			};
		};
/* End XCRemoteSwiftPackageReference section */

/* Begin XCSwiftPackageProductDependency section */
		D3A8D9792430A0E4008103ED /* SwiftyHolidays */ = {
			isa = XCSwiftPackageProductDependency;
			package = D3A8D9782430A0E4008103ED /* XCRemoteSwiftPackageReference "SwiftyHolidays" */;
			productName = SwiftyHolidays;
		};
/* End XCSwiftPackageProductDependency section */
	};
	rootObject = D3B38CE824309EA8003EE6E7 /* Project object */;
}
